
Microsoft Visual Studio Solution File, Format Version 12.00
# Visual Studio Version 17
VisualStudioVersion = 17.13.35931.197 d17.13
MinimumVisualStudioVersion = 10.0.40219.1
Project("{FAE04EC0-301F-11D3-BF4B-00C04F79EFBC}") = "ServerDeploymentTool", "ServerDeploymentTool.csproj", "{D2F1D4B2-E7EC-40BC-BD59-8EFA40C3C804}"
EndProject
Global
	GlobalSection(SolutionConfigurationPlatforms) = preSolution
		Debug|Any CPU = Debug|Any CPU
		Release|Any CPU = Release|Any CPU
	EndGlobalSection
	GlobalSection(ProjectConfigurationPlatforms) = postSolution
		{D2F1D4B2-E7EC-40BC-BD59-8EFA40C3C804}.Debug|Any CPU.ActiveCfg = Debug|Any CPU
		{D2F1D4B2-E7EC-40BC-BD59-8EFA40C3C804}.Debug|Any CPU.Build.0 = Debug|Any CPU
		{D2F1D4B2-E7EC-40BC-BD59-8EFA40C3C804}.Release|Any CPU.ActiveCfg = Release|Any CPU
		{D2F1D4B2-E7EC-40BC-BD59-8EFA40C3C804}.Release|Any CPU.Build.0 = Release|Any CPU
	EndGlobalSection
	GlobalSection(SolutionProperties) = preSolution
		HideSolutionNode = FALSE
	EndGlobalSection
	GlobalSection(ExtensibilityGlobals) = postSolution
		SolutionGuid = {19C0B93E-B903-4B94-89D4-3770A9CE6E87}
	EndGlobalSection
EndGlobal
